
Microsoft Visual Studio Solution File, Format Version 12.00
# Visual Studio Version 17
VisualStudioVersion = 17.11.35312.102
MinimumVisualStudioVersion = 10.0.40219.1
Project("{FAE04EC0-301F-11D3-BF4B-00C04F79EFBC}") = "FirstAuthenticationBasics", "FirstAuthenticationBasics\FirstAuthenticationBasics.csproj", "{433F4B26-0C26-487F-9545-C4A971BD7325}"
EndProject
Global
	GlobalSection(SolutionConfigurationPlatforms) = preSolution
		Debug|Any CPU = Debug|Any CPU
		Release|Any CPU = Release|Any CPU
	EndGlobalSection
	GlobalSection(ProjectConfigurationPlatforms) = postSolution
		{433F4B26-0C26-487F-9545-C4A971BD7325}.Debug|Any CPU.ActiveCfg = Debug|Any CPU
		{433F4B26-0C26-487F-9545-C4A971BD7325}.Debug|Any CPU.Build.0 = Debug|Any CPU
		{433F4B26-0C26-487F-9545-C4A971BD7325}.Release|Any CPU.ActiveCfg = Release|Any CPU
		{433F4B26-0C26-487F-9545-C4A971BD7325}.Release|Any CPU.Build.0 = Release|Any CPU
	EndGlobalSection
	GlobalSection(SolutionProperties) = preSolution
		HideSolutionNode = FALSE
	EndGlobalSection
	GlobalSection(ExtensibilityGlobals) = postSolution
		SolutionGuid = {658E4A49-7CB7-48DB-BE49-CBBD359F4D9B}
	EndGlobalSection
EndGlobal
